<?xml version="1.0" encoding="utf-8"?>
<Project ToolsVersion="4.0" xmlns="http://schemas.microsoft.com/developer/msbuild/2003">
  <ItemGroup>
    <Filter Include="Source">
      <UniqueIdentifier>{1a9fcd26-80d0-4d10-9934-bd566f401c8f}</UniqueIdentifier>
    </Filter>
    <Filter Include="Source\App">
      <UniqueIdentifier>{ceaf8cdb-8b35-4506-bdb3-f1b198065356}</UniqueIdentifier>
    </Filter>
    <Filter Include="Source\Core">
      <UniqueIdentifier>{12b8394b-6a5d-41c7-8a9b-2cfd5acc71fc}</UniqueIdentifier>
    </Filter>
    <Filter Include="Source\Objects">
      <UniqueIdentifier>{746964ec-ae1f-418c-a97c-a9ef78aaab8e}</UniqueIdentifier>
    </Filter>
    <Filter Include="Source\System">
      <UniqueIdentifier>{22dd8095-74f9-46df-81a1-36675a040b1f}</UniqueIdentifier>
    </Filter>
  </ItemGroup>
  <ItemGroup>
    <ClCompile Include="Source\Objects\Enemy.cpp">
      <Filter>Source\Objects</Filter>
    </ClCompile>
    <ClCompile Include="Source\App\stdafx.cpp">
      <Filter>Source\App</Filter>
    </ClCompile>
    <ClCompile Include="Source\App\main.cpp">
      <Filter>Source\App</Filter>
    </ClCompile>
    <ClCompile Include="Source\System\system.cpp">
      <Filter>Source\System</Filter>
    </ClCompile>
    <ClCompile Include="Source\Objects\GameCamera.cpp">
      <Filter>Source\Objects</Filter>
    </ClCompile>
    <ClCompile Include="Source\Core\Game.cpp">
      <Filter>Source\Core</Filter>
    </ClCompile>
    <ClCompile Include="Source\Objects\Player.cpp">
      <Filter>Source\Objects</Filter>
    </ClCompile>
    <ClCompile Include="Source\Objects\Stage.cpp">
      <Filter>Source\Objects</Filter>
    </ClCompile>
  </ItemGroup>
  <ItemGroup>
    <ClInclude Include="Source\Objects\Enemy.h">
      <Filter>Source\Objects</Filter>
    </ClInclude>
    <ClInclude Include="Source\App\stdafx.h">
      <Filter>Source\App</Filter>
    </ClInclude>
    <ClInclude Include="Source\System\system.h">
      <Filter>Source\System</Filter>
    </ClInclude>
    <ClInclude Include="Source\Objects\GameCamera.h">
      <Filter>Source\Objects</Filter>
    </ClInclude>
    <ClInclude Include="Source\Core\Game.h">
      <Filter>Source\Core</Filter>
    </ClInclude>
    <ClInclude Include="Source\Objects\Player.h">
      <Filter>Source\Objects</Filter>
    </ClInclude>
    <ClInclude Include="Source\Objects\Stage.h">
      <Filter>Source\Objects</Filter>
    </ClInclude>
  </ItemGroup>
</Project>
